
Microsoft Visual Studio Solution File, Format Version 12.00
# Visual Studio Version 17
VisualStudioVersion = 17.9.34607.119
MinimumVisualStudioVersion = 10.0.40219.1
Project("{9A19103F-16F7-4668-BE54-9A1E7A4F7556}") = "Test1Project", "Test1Project\Test1Project.csproj", "{8AD1EB2B-E646-4A46-A349-569E5F981AD2}"
EndProject
Project("{9A19103F-16F7-4668-BE54-9A1E7A4F7556}") = "ConsoleApp1", "ConsoleApp1\ConsoleApp1.csproj", "{98DF4598-CD5A-42DA-BE1F-A0C6D80D739B}"
EndProject
Global
	GlobalSection(SolutionConfigurationPlatforms) = preSolution
		Debug|Any CPU = Debug|Any CPU
		Release|Any CPU = Release|Any CPU
	EndGlobalSection
	GlobalSection(ProjectConfigurationPlatforms) = postSolution
		{8AD1EB2B-E646-4A46-A349-569E5F981AD2}.Debug|Any CPU.ActiveCfg = Debug|Any CPU
		{8AD1EB2B-E646-4A46-A349-569E5F981AD2}.Debug|Any CPU.Build.0 = Debug|Any CPU
		{8AD1EB2B-E646-4A46-A349-569E5F981AD2}.Release|Any CPU.ActiveCfg = Release|Any CPU
		{8AD1EB2B-E646-4A46-A349-569E5F981AD2}.Release|Any CPU.Build.0 = Release|Any CPU
		{98DF4598-CD5A-42DA-BE1F-A0C6D80D739B}.Debug|Any CPU.ActiveCfg = Debug|Any CPU
		{98DF4598-CD5A-42DA-BE1F-A0C6D80D739B}.Debug|Any CPU.Build.0 = Debug|Any CPU
		{98DF4598-CD5A-42DA-BE1F-A0C6D80D739B}.Release|Any CPU.ActiveCfg = Release|Any CPU
		{98DF4598-CD5A-42DA-BE1F-A0C6D80D739B}.Release|Any CPU.Build.0 = Release|Any CPU
	EndGlobalSection
	GlobalSection(SolutionProperties) = preSolution
		HideSolutionNode = FALSE
	EndGlobalSection
	GlobalSection(ExtensibilityGlobals) = postSolution
		SolutionGuid = {FA1CAF66-1BC0-4B59-A42E-AE3FCF71AB56}
	EndGlobalSection
EndGlobal
